{
    "_meta": {
        "hash": {
            "sha256": "671bacedc37eff01c2066d97870d7ff16d08edc554dccf98532430e8735dd08c"
        },
        "pipfile-spec": 6,
        "requires": {
            "python_version": "3.14"
        },
        "sources": [
            {
                "name": "pypi",
                "url": "https://pypi.org/simple",
                "verify_ssl": true
            }
        ]
    },
    "default": {
        "bottle": {
            "hashes": [
                "sha256:045684fbd2764eac9cdeb824861d1551d113e8b683d8d26e296898d3dd99a12e",
                "sha256:787e78327e12b227938de02248333d788cfe45987edca735f8f88e03472c3f47"
            ],
            "index": "pypi",
            "version": "==0.13.4"
        }
    },
    "develop": {
        "karva": {
            "hashes": [
                "sha256:147219fec1a1f439dc78cf3ed7e4ee15c96785342d23b37c7728f372bdca9314",
                "sha256:279faf25d33fc2f995d9ab019e01c7f7ac9f1a0afb65aca7bc341a73b4d0d7ce",
                "sha256:5a1d56a712d1e91327e17c3e985cc70464fa995338c78387521643c41eb276ef",
                "sha256:6d8b4f5c13bbdfb56a8a4e617b4cfd1414d6648377ea82856dcb70ecf86feec5",
                "sha256:7f2c163726caa88fb59ddf6e972fac5200d5326456fbfd9b41a8752761dbd06d",
                "sha256:aa0299afa19bd8af031fd9fe4b45041b56c3693c189a71750f304ef10d54fcd3",
                "sha256:d72ee0861817d2b3e0b13bc8a7e8e6b5befced994c531ef7514b8ac4774b8914",
                "sha256:dec0ea6f9f0969c50dd6a786a3085264ff4c7e155c10e12032150aa2f0657703",
                "sha256:f0fc7b93adb54b473109c1ac9ee4348145051d23ca1ce742a09a9c6effc7f1cd",
                "sha256:f5030a3b74e67b24885feee85f87a2df7f78da7f0e1320d79911e4a200e45c47",
                "sha256:f57440faae5c49964541b3ef234200c36979aad563881f8c6a6fb8982ae2e420",
                "sha256:fcae1630bcfb0115c7a9ac2a551066b5fbf2b75039bd92bf03f5b67406731c4b",
                "sha256:fdfe4262d48368fa1af367c8b68622e0f96f21d4c5b8e4a172c93a7674666c2a"
            ],
            "index": "pypi",
            "markers": "python_version >= '3.10' and python_version < '3.15'",
            "version": "==0.0.1a5"
        },
        "ruff": {
            "hashes": [
                "sha256:01da3988d225628b709493d7dc67c3b9b12c0210016b08690ef9bd27970b262b",
                "sha256:2849ea9f3484c3aca43a82f484210370319e7170df4dfe4843395ddf6c57bc33",
                "sha256:83b2f4f2f3b1026b5fb449b467d9264bf22067b600f7b6f41fc5958909f449d0",
                "sha256:84a1630093121375a3e2a95b4a6dc7b59e2b4ee76216e32d81aae550a832d002",
                "sha256:9ba3b8f1afd7e2e43d8943e55f249e13f9682fde09711644a6e7290eb4f3e339",
                "sha256:9cae0f92bd5700d1213188b31cd3bdd2b315361296d10b96b8e2337d3d11f53e",
                "sha256:9e77c7e51c07fe396826d5969a5b846d9cd4c402535835fb6e21ce8b28fef847",
                "sha256:a538f7a82d061cee7be55542aca1d86d1393d55d81d4fcc314370f4340930d4f",
                "sha256:b0c862b172d695db7598426b8af465e7e9ac00a3ea2a3630ee67eb82e366aaa6",
                "sha256:c87a162d61ab3adca47c03f7f717c68672edec7d1b5499e652331780fe74950d",
                "sha256:d0185894e038d7043ba8fd6aee7499ece6462dc0ea9f1e260c7451807c714c20",
                "sha256:dd8aed930da53780d22fc70bdf84452c843cf64f8cb4eb38984319c24c5cd5fd",
                "sha256:e3bcd123364c3770b8e1b7baaf343cc99a35f197c5c6e8af79015c666c423a6c",
                "sha256:e852ba9fdc890655e1d78f2df1499efbe0e54126bd405362154a75e2bde159c5",
                "sha256:ecea26adb26b4232c0c2ca19ccbc0083a68344180bba2a600605538ce51a40a6",
                "sha256:f86f176e188e94d6bdbc09f09bfd9dc729059ad93d0e7390b5a73efe19f8861c",
                "sha256:fb129f40f114f089ebe0ca56c0d251cf2061b17651d464bb6478dc01e69f11f5",
                "sha256:fe87510d000220aa1ed530d4448a7c696a0cae1213e5ec30e5874287b66557b5"
            ],
            "index": "pypi",
            "markers": "python_version >= '3.7'",
            "version": "==0.15.12"
        }
    }
}
